// !$*UTF8*$!
{
	archiveVersion = 1;
	classes = {
	};
	objectVersion = 55;
	objects = {

/* Begin PBXBuildFile section */
		D94F082A282B5D6400ADB782 /* Final_00857125App.swift in Sources */ = {isa = PBXBuildFile; fileRef = D94F0829282B5D6400ADB782 /* Final_00857125App.swift */; };
		D94F082C282B5D6400ADB782 /* ContentView.swift in Sources */ = {isa = PBXBuildFile; fileRef = D94F082B282B5D6400ADB782 /* ContentView.swift */; };
		D94F082E282B5D6500ADB782 /* Assets.xcassets in Resources */ = {isa = PBXBuildFile; fileRef = D94F082D282B5D6500ADB782 /* Assets.xcassets */; };
		D94F0831282B5D6500ADB782 /* Preview Assets.xcassets in Resources */ = {isa = PBXBuildFile; fileRef = D94F0830282B5D6500ADB782 /* Preview Assets.xcassets */; };
		D94F0839282B727B00ADB782 /* FirebaseAuth in Frameworks */ = {isa = PBXBuildFile; productRef = D94F0838282B727B00ADB782 /* FirebaseAuth */; };
		D94F083B282B727B00ADB782 /* FirebaseFirestoreSwift in Frameworks */ = {isa = PBXBuildFile; productRef = D94F083A282B727B00ADB782 /* FirebaseFirestoreSwift */; };
		D94F083D282B727B00ADB782 /* FirebaseStorage in Frameworks */ = {isa = PBXBuildFile; productRef = D94F083C282B727B00ADB782 /* FirebaseStorage */; };
		D94F083F282B730100ADB782 /* GoogleService-Info.plist in Resources */ = {isa = PBXBuildFile; fileRef = D94F083E282B730100ADB782 /* GoogleService-Info.plist */; };
		D97ED0842843A58D0011A2B8 /* User.swift in Sources */ = {isa = PBXBuildFile; fileRef = D97ED0832843A58D0011A2B8 /* User.swift */; };
		D97ED0862843AC590011A2B8 /* ViewModel.swift in Sources */ = {isa = PBXBuildFile; fileRef = D97ED0852843AC590011A2B8 /* ViewModel.swift */; };
		D97ED08C2843B4630011A2B8 /* SettingView.swift in Sources */ = {isa = PBXBuildFile; fileRef = D97ED08B2843B4630011A2B8 /* SettingView.swift */; };
		D97ED0912843DB380011A2B8 /* Google.swift in Sources */ = {isa = PBXBuildFile; fileRef = D97ED0902843DB380011A2B8 /* Google.swift */; };
		D97ED0942843DE630011A2B8 /* GoogleSignIn in Frameworks */ = {isa = PBXBuildFile; productRef = D97ED0932843DE630011A2B8 /* GoogleSignIn */; };
		D97ED0992844DE220011A2B8 /* FacebookLogin in Frameworks */ = {isa = PBXBuildFile; productRef = D97ED0982844DE220011A2B8 /* FacebookLogin */; };
		D97ED09C2844DF4E0011A2B8 /* FacebookCore in Frameworks */ = {isa = PBXBuildFile; productRef = D97ED09B2844DF4E0011A2B8 /* FacebookCore */; };
		D97ED0A42844E64C0011A2B8 /* FBLogin.swift in Sources */ = {isa = PBXBuildFile; fileRef = D97ED0A32844E64C0011A2B8 /* FBLogin.swift */; };
		D9FFF3EE2842214200EF7272 /* FirebaseControl.swift in Sources */ = {isa = PBXBuildFile; fileRef = D9FFF3ED2842214200EF7272 /* FirebaseControl.swift */; };
		D9FFF3F02842219C00EF7272 /* UserView.swift in Sources */ = {isa = PBXBuildFile; fileRef = D9FFF3EF2842219C00EF7272 /* UserView.swift */; };
		D9FFF3F32842226F00EF7272 /* Kingfisher in Frameworks */ = {isa = PBXBuildFile; productRef = D9FFF3F22842226F00EF7272 /* Kingfisher */; };
		D9FFF3F72842249200EF7272 /* RegisterView.swift in Sources */ = {isa = PBXBuildFile; fileRef = D9FFF3F62842249200EF7272 /* RegisterView.swift */; };
		D9FFF3F92842273D00EF7272 /* FirstLoginView.swift in Sources */ = {isa = PBXBuildFile; fileRef = D9FFF3F82842273D00EF7272 /* FirstLoginView.swift */; };
		D9FFF3FB284228CF00EF7272 /* AppDelegate.swift in Sources */ = {isa = PBXBuildFile; fileRef = D9FFF3FA284228CF00EF7272 /* AppDelegate.swift */; };
/* End PBXBuildFile section */

/* Begin PBXFileReference section */
		D94F0826282B5D6400ADB782 /* Final_00857125.app */ = {isa = PBXFileReference; explicitFileType = wrapper.application; includeInIndex = 0; path = Final_00857125.app; sourceTree = BUILT_PRODUCTS_DIR; };
		D94F0829282B5D6400ADB782 /* Final_00857125App.swift */ = {isa = PBXFileReference; lastKnownFileType = sourcecode.swift; path = Final_00857125App.swift; sourceTree = "<group>"; };
		D94F082B282B5D6400ADB782 /* ContentView.swift */ = {isa = PBXFileReference; lastKnownFileType = sourcecode.swift; path = ContentView.swift; sourceTree = "<group>"; };
		D94F082D282B5D6500ADB782 /* Assets.xcassets */ = {isa = PBXFileReference; lastKnownFileType = folder.assetcatalog; path = Assets.xcassets; sourceTree = "<group>"; };
		D94F0830282B5D6500ADB782 /* Preview Assets.xcassets */ = {isa = PBXFileReference; lastKnownFileType = folder.assetcatalog; path = "Preview Assets.xcassets"; sourceTree = "<group>"; };
		D94F083E282B730100ADB782 /* GoogleService-Info.plist */ = {isa = PBXFileReference; fileEncoding = 4; lastKnownFileType = text.plist.xml; path = "GoogleService-Info.plist"; sourceTree = "<group>"; };
		D97ED0832843A58D0011A2B8 /* User.swift */ = {isa = PBXFileReference; lastKnownFileType = sourcecode.swift; path = User.swift; sourceTree = "<group>"; };
		D97ED0852843AC590011A2B8 /* ViewModel.swift */ = {isa = PBXFileReference; lastKnownFileType = sourcecode.swift; path = ViewModel.swift; sourceTree = "<group>"; };
		D97ED08B2843B4630011A2B8 /* SettingView.swift */ = {isa = PBXFileReference; lastKnownFileType = sourcecode.swift; path = SettingView.swift; sourceTree = "<group>"; };
		D97ED0902843DB380011A2B8 /* Google.swift */ = {isa = PBXFileReference; lastKnownFileType = sourcecode.swift; path = Google.swift; sourceTree = "<group>"; };
		D97ED0952843E16D0011A2B8 /* Final-00857125-Info.plist */ = {isa = PBXFileReference; lastKnownFileType = text.plist; path = "Final-00857125-Info.plist"; sourceTree = SOURCE_ROOT; };
		D97ED0962844DD8A0011A2B8 /* Final_00857125.entitlements */ = {isa = PBXFileReference; lastKnownFileType = text.plist.entitlements; path = Final_00857125.entitlements; sourceTree = "<group>"; };
		D97ED0A32844E64C0011A2B8 /* FBLogin.swift */ = {isa = PBXFileReference; lastKnownFileType = sourcecode.swift; path = FBLogin.swift; sourceTree = "<group>"; };
		D9FFF3ED2842214200EF7272 /* FirebaseControl.swift */ = {isa = PBXFileReference; lastKnownFileType = sourcecode.swift; path = FirebaseControl.swift; sourceTree = "<group>"; };
		D9FFF3EF2842219C00EF7272 /* UserView.swift */ = {isa = PBXFileReference; lastKnownFileType = sourcecode.swift; path = UserView.swift; sourceTree = "<group>"; };
		D9FFF3F62842249200EF7272 /* RegisterView.swift */ = {isa = PBXFileReference; lastKnownFileType = sourcecode.swift; path = RegisterView.swift; sourceTree = "<group>"; };
		D9FFF3F82842273D00EF7272 /* FirstLoginView.swift */ = {isa = PBXFileReference; lastKnownFileType = sourcecode.swift; path = FirstLoginView.swift; sourceTree = "<group>"; };
		D9FFF3FA284228CF00EF7272 /* AppDelegate.swift */ = {isa = PBXFileReference; lastKnownFileType = sourcecode.swift; path = AppDelegate.swift; sourceTree = "<group>"; };
/* End PBXFileReference section */

/* Begin PBXFrameworksBuildPhase section */
		D94F0823282B5D6400ADB782 /* Frameworks */ = {
			isa = PBXFrameworksBuildPhase;
			buildActionMask = 2147483647;
			files = (
				D97ED0942843DE630011A2B8 /* GoogleSignIn in Frameworks */,
				D9FFF3F32842226F00EF7272 /* Kingfisher in Frameworks */,
				D97ED09C2844DF4E0011A2B8 /* FacebookCore in Frameworks */,
				D97ED0992844DE220011A2B8 /* FacebookLogin in Frameworks */,
				D94F0839282B727B00ADB782 /* FirebaseAuth in Frameworks */,
				D94F083B282B727B00ADB782 /* FirebaseFirestoreSwift in Frameworks */,
				D94F083D282B727B00ADB782 /* FirebaseStorage in Frameworks */,
			);
			runOnlyForDeploymentPostprocessing = 0;
		};
/* End PBXFrameworksBuildPhase section */

/* Begin PBXGroup section */
		D94F081D282B5D6400ADB782 = {
			isa = PBXGroup;
			children = (
				D94F0828282B5D6400ADB782 /* Final_00857125 */,
				D94F0827282B5D6400ADB782 /* Products */,
				D97ED09A2844DF4E0011A2B8 /* Frameworks */,
			);
			sourceTree = "<group>";
		};
		D94F0827282B5D6400ADB782 /* Products */ = {
			isa = PBXGroup;
			children = (
				D94F0826282B5D6400ADB782 /* Final_00857125.app */,
			);
			name = Products;
			sourceTree = "<group>";
		};
		D94F0828282B5D6400ADB782 /* Final_00857125 */ = {
			isa = PBXGroup;
			children = (
				D97ED0962844DD8A0011A2B8 /* Final_00857125.entitlements */,
				D97ED0952843E16D0011A2B8 /* Final-00857125-Info.plist */,
				D94F083E282B730100ADB782 /* GoogleService-Info.plist */,
				D94F0829282B5D6400ADB782 /* Final_00857125App.swift */,
				D94F082B282B5D6400ADB782 /* ContentView.swift */,
				D97ED0A32844E64C0011A2B8 /* FBLogin.swift */,
				D9FFF3F82842273D00EF7272 /* FirstLoginView.swift */,
				D9FFF3F62842249200EF7272 /* RegisterView.swift */,
				D9FFF3EF2842219C00EF7272 /* UserView.swift */,
				D97ED08B2843B4630011A2B8 /* SettingView.swift */,
				D9FFF3ED2842214200EF7272 /* FirebaseControl.swift */,
				D97ED0852843AC590011A2B8 /* ViewModel.swift */,
				D97ED0902843DB380011A2B8 /* Google.swift */,
				D97ED0832843A58D0011A2B8 /* User.swift */,
				D9FFF3FA284228CF00EF7272 /* AppDelegate.swift */,
				D94F082D282B5D6500ADB782 /* Assets.xcassets */,
				D94F082F282B5D6500ADB782 /* Preview Content */,
			);
			path = Final_00857125;
			sourceTree = "<group>";
		};
		D94F082F282B5D6500ADB782 /* Preview Content */ = {
			isa = PBXGroup;
			children = (
				D94F0830282B5D6500ADB782 /* Preview Assets.xcassets */,
			);
			path = "Preview Content";
			sourceTree = "<group>";
		};
		D97ED09A2844DF4E0011A2B8 /* Frameworks */ = {
			isa = PBXGroup;
			children = (
			);
			name = Frameworks;
			sourceTree = "<group>";
		};
/* End PBXGroup section */

/* Begin PBXNativeTarget section */
		D94F0825282B5D6400ADB782 /* Final_00857125 */ = {
			isa = PBXNativeTarget;
			buildConfigurationList = D94F0834282B5D6500ADB782 /* Build configuration list for PBXNativeTarget "Final_00857125" */;
			buildPhases = (
				D94F0822282B5D6400ADB782 /* Sources */,
				D94F0823282B5D6400ADB782 /* Frameworks */,
				D94F0824282B5D6400ADB782 /* Resources */,
			);
			buildRules = (
			);
			dependencies = (
			);
			name = Final_00857125;
			packageProductDependencies = (
				D94F0838282B727B00ADB782 /* FirebaseAuth */,
				D94F083A282B727B00ADB782 /* FirebaseFirestoreSwift */,
				D94F083C282B727B00ADB782 /* FirebaseStorage */,
				D9FFF3F22842226F00EF7272 /* Kingfisher */,
				D97ED0932843DE630011A2B8 /* GoogleSignIn */,
				D97ED0982844DE220011A2B8 /* FacebookLogin */,
				D97ED09B2844DF4E0011A2B8 /* FacebookCore */,
			);
			productName = Final_00857125;
			productReference = D94F0826282B5D6400ADB782 /* Final_00857125.app */;
			productType = "com.apple.product-type.application";
		};
/* End PBXNativeTarget section */

/* Begin PBXProject section */
		D94F081E282B5D6400ADB782 /* Project object */ = {
			isa = PBXProject;
			attributes = {
				BuildIndependentTargetsInParallel = 1;
				LastSwiftUpdateCheck = 1320;
				LastUpgradeCheck = 1320;
				TargetAttributes = {
					D94F0825282B5D6400ADB782 = {
						CreatedOnToolsVersion = 13.2.1;
					};
				};
			};
			buildConfigurationList = D94F0821282B5D6400ADB782 /* Build configuration list for PBXProject "Final_00857125" */;
			compatibilityVersion = "Xcode 13.0";
			developmentRegion = en;
			hasScannedForEncodings = 0;
			knownRegions = (
				en,
				Base,
			);
			mainGroup = D94F081D282B5D6400ADB782;
			packageReferences = (
				D94F0837282B727B00ADB782 /* XCRemoteSwiftPackageReference "firebase-ios-sdk" */,
				D9FFF3F12842226F00EF7272 /* XCRemoteSwiftPackageReference "Kingfisher" */,
				D97ED0922843DE620011A2B8 /* XCRemoteSwiftPackageReference "GoogleSignIn-iOS" */,
				D97ED0972844DE220011A2B8 /* XCRemoteSwiftPackageReference "facebook-ios-sdk" */,
			);
			productRefGroup = D94F0827282B5D6400ADB782 /* Products */;
			projectDirPath = "";
			projectRoot = "";
			targets = (
				D94F0825282B5D6400ADB782 /* Final_00857125 */,
			);
		};
/* End PBXProject section */

/* Begin PBXResourcesBuildPhase section */
		D94F0824282B5D6400ADB782 /* Resources */ = {
			isa = PBXResourcesBuildPhase;
			buildActionMask = 2147483647;
			files = (
				D94F0831282B5D6500ADB782 /* Preview Assets.xcassets in Resources */,
				D94F082E282B5D6500ADB782 /* Assets.xcassets in Resources */,
				D94F083F282B730100ADB782 /* GoogleService-Info.plist in Resources */,
			);
			runOnlyForDeploymentPostprocessing = 0;
		};
/* End PBXResourcesBuildPhase section */

/* Begin PBXSourcesBuildPhase section */
		D94F0822282B5D6400ADB782 /* Sources */ = {
			isa = PBXSourcesBuildPhase;
			buildActionMask = 2147483647;
			files = (
				D94F082C282B5D6400ADB782 /* ContentView.swift in Sources */,
				D97ED08C2843B4630011A2B8 /* SettingView.swift in Sources */,
				D97ED0862843AC590011A2B8 /* ViewModel.swift in Sources */,
				D94F082A282B5D6400ADB782 /* Final_00857125App.swift in Sources */,
				D97ED0912843DB380011A2B8 /* Google.swift in Sources */,
				D9FFF3F72842249200EF7272 /* RegisterView.swift in Sources */,
				D9FFF3F92842273D00EF7272 /* FirstLoginView.swift in Sources */,
				D97ED0842843A58D0011A2B8 /* User.swift in Sources */,
				D9FFF3FB284228CF00EF7272 /* AppDelegate.swift in Sources */,
				D97ED0A42844E64C0011A2B8 /* FBLogin.swift in Sources */,
				D9FFF3EE2842214200EF7272 /* FirebaseControl.swift in Sources */,
				D9FFF3F02842219C00EF7272 /* UserView.swift in Sources */,
			);
			runOnlyForDeploymentPostprocessing = 0;
		};
/* End PBXSourcesBuildPhase section */

/* Begin XCBuildConfiguration section */
		D94F0832282B5D6500ADB782 /* Debug */ = {
			isa = XCBuildConfiguration;
			buildSettings = {
				ALWAYS_SEARCH_USER_PATHS = NO;
				CLANG_ANALYZER_NONNULL = YES;
				CLANG_ANALYZER_NUMBER_OBJECT_CONVERSION = YES_AGGRESSIVE;
				CLANG_CXX_LANGUAGE_STANDARD = "gnu++17";
				CLANG_CXX_LIBRARY = "libc++";
				CLANG_ENABLE_MODULES = YES;
				CLANG_ENABLE_OBJC_ARC = YES;
				CLANG_ENABLE_OBJC_WEAK = YES;
				CLANG_WARN_BLOCK_CAPTURE_AUTORELEASING = YES;
				CLANG_WARN_BOOL_CONVERSION = YES;
				CLANG_WARN_COMMA = YES;
				CLANG_WARN_CONSTANT_CONVERSION = YES;
				CLANG_WARN_DEPRECATED_OBJC_IMPLEMENTATIONS = YES;
				CLANG_WARN_DIRECT_OBJC_ISA_USAGE = YES_ERROR;
				CLANG_WARN_DOCUMENTATION_COMMENTS = YES;
				CLANG_WARN_EMPTY_BODY = YES;
				CLANG_WARN_ENUM_CONVERSION = YES;
				CLANG_WARN_INFINITE_RECURSION = YES;
				CLANG_WARN_INT_CONVERSION = YES;
				CLANG_WARN_NON_LITERAL_NULL_CONVERSION = YES;
				CLANG_WARN_OBJC_IMPLICIT_RETAIN_SELF = YES;
				CLANG_WARN_OBJC_LITERAL_CONVERSION = YES;
				CLANG_WARN_OBJC_ROOT_CLASS = YES_ERROR;
				CLANG_WARN_QUOTED_INCLUDE_IN_FRAMEWORK_HEADER = YES;
				CLANG_WARN_RANGE_LOOP_ANALYSIS = YES;
				CLANG_WARN_STRICT_PROTOTYPES = YES;
				CLANG_WARN_SUSPICIOUS_MOVE = YES;
				CLANG_WARN_UNGUARDED_AVAILABILITY = YES_AGGRESSIVE;
				CLANG_WARN_UNREACHABLE_CODE = YES;
				CLANG_WARN__DUPLICATE_METHOD_MATCH = YES;
				COPY_PHASE_STRIP = NO;
				DEBUG_INFORMATION_FORMAT = dwarf;
				ENABLE_STRICT_OBJC_MSGSEND = YES;
				ENABLE_TESTABILITY = YES;
				GCC_C_LANGUAGE_STANDARD = gnu11;
				GCC_DYNAMIC_NO_PIC = NO;
				GCC_NO_COMMON_BLOCKS = YES;
				GCC_OPTIMIZATION_LEVEL = 0;
				GCC_PREPROCESSOR_DEFINITIONS = (
					"DEBUG=1",
					"$(inherited)",
				);
				GCC_WARN_64_TO_32_BIT_CONVERSION = YES;
				GCC_WARN_ABOUT_RETURN_TYPE = YES_ERROR;
				GCC_WARN_UNDECLARED_SELECTOR = YES;
				GCC_WARN_UNINITIALIZED_AUTOS = YES_AGGRESSIVE;
				GCC_WARN_UNUSED_FUNCTION = YES;
				GCC_WARN_UNUSED_VARIABLE = YES;
				IPHONEOS_DEPLOYMENT_TARGET = 15.2;
				MTL_ENABLE_DEBUG_INFO = INCLUDE_SOURCE;
				MTL_FAST_MATH = YES;
				ONLY_ACTIVE_ARCH = YES;
				SDKROOT = iphoneos;
				SWIFT_ACTIVE_COMPILATION_CONDITIONS = DEBUG;
				SWIFT_OPTIMIZATION_LEVEL = "-Onone";
			};
			name = Debug;
		};
		D94F0833282B5D6500ADB782 /* Release */ = {
			isa = XCBuildConfiguration;
			buildSettings = {
				ALWAYS_SEARCH_USER_PATHS = NO;
				CLANG_ANALYZER_NONNULL = YES;
				CLANG_ANALYZER_NUMBER_OBJECT_CONVERSION = YES_AGGRESSIVE;
				CLANG_CXX_LANGUAGE_STANDARD = "gnu++17";
				CLANG_CXX_LIBRARY = "libc++";
				CLANG_ENABLE_MODULES = YES;
				CLANG_ENABLE_OBJC_ARC = YES;
				CLANG_ENABLE_OBJC_WEAK = YES;
				CLANG_WARN_BLOCK_CAPTURE_AUTORELEASING = YES;
				CLANG_WARN_BOOL_CONVERSION = YES;
				CLANG_WARN_COMMA = YES;
				CLANG_WARN_CONSTANT_CONVERSION = YES;
				CLANG_WARN_DEPRECATED_OBJC_IMPLEMENTATIONS = YES;
				CLANG_WARN_DIRECT_OBJC_ISA_USAGE = YES_ERROR;
				CLANG_WARN_DOCUMENTATION_COMMENTS = YES;
				CLANG_WARN_EMPTY_BODY = YES;
				CLANG_WARN_ENUM_CONVERSION = YES;
				CLANG_WARN_INFINITE_RECURSION = YES;
				CLANG_WARN_INT_CONVERSION = YES;
				CLANG_WARN_NON_LITERAL_NULL_CONVERSION = YES;
				CLANG_WARN_OBJC_IMPLICIT_RETAIN_SELF = YES;
				CLANG_WARN_OBJC_LITERAL_CONVERSION = YES;
				CLANG_WARN_OBJC_ROOT_CLASS = YES_ERROR;
				CLANG_WARN_QUOTED_INCLUDE_IN_FRAMEWORK_HEADER = YES;
				CLANG_WARN_RANGE_LOOP_ANALYSIS = YES;
				CLANG_WARN_STRICT_PROTOTYPES = YES;
				CLANG_WARN_SUSPICIOUS_MOVE = YES;
				CLANG_WARN_UNGUARDED_AVAILABILITY = YES_AGGRESSIVE;
				CLANG_WARN_UNREACHABLE_CODE = YES;
				CLANG_WARN__DUPLICATE_METHOD_MATCH = YES;
				COPY_PHASE_STRIP = NO;
				DEBUG_INFORMATION_FORMAT = "dwarf-with-dsym";
				ENABLE_NS_ASSERTIONS = NO;
				ENABLE_STRICT_OBJC_MSGSEND = YES;
				GCC_C_LANGUAGE_STANDARD = gnu11;
				GCC_NO_COMMON_BLOCKS = YES;
				GCC_WARN_64_TO_32_BIT_CONVERSION = YES;
				GCC_WARN_ABOUT_RETURN_TYPE = YES_ERROR;
				GCC_WARN_UNDECLARED_SELECTOR = YES;
				GCC_WARN_UNINITIALIZED_AUTOS = YES_AGGRESSIVE;
				GCC_WARN_UNUSED_FUNCTION = YES;
				GCC_WARN_UNUSED_VARIABLE = YES;
				IPHONEOS_DEPLOYMENT_TARGET = 15.2;
				MTL_ENABLE_DEBUG_INFO = NO;
				MTL_FAST_MATH = YES;
				SDKROOT = iphoneos;
				SWIFT_COMPILATION_MODE = wholemodule;
				SWIFT_OPTIMIZATION_LEVEL = "-O";
				VALIDATE_PRODUCT = YES;
			};
			name = Release;
		};
		D94F0835282B5D6500ADB782 /* Debug */ = {
			isa = XCBuildConfiguration;
			buildSettings = {
				ASSETCATALOG_COMPILER_APPICON_NAME = AppIcon;
				ASSETCATALOG_COMPILER_GLOBAL_ACCENT_COLOR_NAME = AccentColor;
				CODE_SIGN_ENTITLEMENTS = Final_00857125/Final_00857125.entitlements;
				CODE_SIGN_STYLE = Automatic;
				CURRENT_PROJECT_VERSION = 1;
				DEVELOPMENT_ASSET_PATHS = "\"Final_00857125/Preview Content\"";
				DEVELOPMENT_TEAM = PNYL63HGH9;
				ENABLE_PREVIEWS = YES;
				GENERATE_INFOPLIST_FILE = YES;
				INFOPLIST_FILE = "Final-00857125-Info.plist";
				INFOPLIST_KEY_UIApplicationSceneManifest_Generation = YES;
				INFOPLIST_KEY_UIApplicationSupportsIndirectInputEvents = YES;
				INFOPLIST_KEY_UILaunchScreen_Generation = YES;
				INFOPLIST_KEY_UISupportedInterfaceOrientations_iPad = "UIInterfaceOrientationPortrait UIInterfaceOrientationPortraitUpsideDown UIInterfaceOrientationLandscapeLeft UIInterfaceOrientationLandscapeRight";
				INFOPLIST_KEY_UISupportedInterfaceOrientations_iPhone = "UIInterfaceOrientationPortrait UIInterfaceOrientationLandscapeLeft UIInterfaceOrientationLandscapeRight";
				LD_RUNPATH_SEARCH_PATHS = (
					"$(inherited)",
					"@executable_path/Frameworks",
				);
				MARKETING_VERSION = 1.0;
				PRODUCT_BUNDLE_IDENTIFIER = "com.nighthao.Final-00857125";
				PRODUCT_NAME = "$(TARGET_NAME)";
				SWIFT_EMIT_LOC_STRINGS = YES;
				SWIFT_VERSION = 5.0;
				TARGETED_DEVICE_FAMILY = "1,2";
			};
			name = Debug;
		};
		D94F0836282B5D6500ADB782 /* Release */ = {
			isa = XCBuildConfiguration;
			buildSettings = {
				ASSETCATALOG_COMPILER_APPICON_NAME = AppIcon;
				ASSETCATALOG_COMPILER_GLOBAL_ACCENT_COLOR_NAME = AccentColor;
				CODE_SIGN_ENTITLEMENTS = Final_00857125/Final_00857125.entitlements;
				CODE_SIGN_STYLE = Automatic;
				CURRENT_PROJECT_VERSION = 1;
				DEVELOPMENT_ASSET_PATHS = "\"Final_00857125/Preview Content\"";
				DEVELOPMENT_TEAM = PNYL63HGH9;
				ENABLE_PREVIEWS = YES;
				GENERATE_INFOPLIST_FILE = YES;
				INFOPLIST_FILE = "Final-00857125-Info.plist";
				INFOPLIST_KEY_UIApplicationSceneManifest_Generation = YES;
				INFOPLIST_KEY_UIApplicationSupportsIndirectInputEvents = YES;
				INFOPLIST_KEY_UILaunchScreen_Generation = YES;
				INFOPLIST_KEY_UISupportedInterfaceOrientations_iPad = "UIInterfaceOrientationPortrait UIInterfaceOrientationPortraitUpsideDown UIInterfaceOrientationLandscapeLeft UIInterfaceOrientationLandscapeRight";
				INFOPLIST_KEY_UISupportedInterfaceOrientations_iPhone = "UIInterfaceOrientationPortrait UIInterfaceOrientationLandscapeLeft UIInterfaceOrientationLandscapeRight";
				LD_RUNPATH_SEARCH_PATHS = (
					"$(inherited)",
					"@executable_path/Frameworks",
				);
				MARKETING_VERSION = 1.0;
				PRODUCT_BUNDLE_IDENTIFIER = "com.nighthao.Final-00857125";
				PRODUCT_NAME = "$(TARGET_NAME)";
				SWIFT_EMIT_LOC_STRINGS = YES;
				SWIFT_VERSION = 5.0;
				TARGETED_DEVICE_FAMILY = "1,2";
			};
			name = Release;
		};
/* End XCBuildConfiguration section */

/* Begin XCConfigurationList section */
		D94F0821282B5D6400ADB782 /* Build configuration list for PBXProject "Final_00857125" */ = {
			isa = XCConfigurationList;
			buildConfigurations = (
				D94F0832282B5D6500ADB782 /* Debug */,
				D94F0833282B5D6500ADB782 /* Release */,
			);
			defaultConfigurationIsVisible = 0;
			defaultConfigurationName = Release;
		};
		D94F0834282B5D6500ADB782 /* Build configuration list for PBXNativeTarget "Final_00857125" */ = {
			isa = XCConfigurationList;
			buildConfigurations = (
				D94F0835282B5D6500ADB782 /* Debug */,
				D94F0836282B5D6500ADB782 /* Release */,
			);
			defaultConfigurationIsVisible = 0;
			defaultConfigurationName = Release;
		};
/* End XCConfigurationList section */

/* Begin XCRemoteSwiftPackageReference section */
		D94F0837282B727B00ADB782 /* XCRemoteSwiftPackageReference "firebase-ios-sdk" */ = {
			isa = XCRemoteSwiftPackageReference;
			repositoryURL = "https://github.com/firebase/firebase-ios-sdk";
			requirement = {
				kind = upToNextMajorVersion;
				minimumVersion = 9.0.0;
			};
		};
		D97ED0922843DE620011A2B8 /* XCRemoteSwiftPackageReference "GoogleSignIn-iOS" */ = {
			isa = XCRemoteSwiftPackageReference;
			repositoryURL = "https://github.com/google/GoogleSignIn-iOS.git";
			requirement = {
				kind = upToNextMajorVersion;
				minimumVersion = 6.0.0;
			};
		};
		D97ED0972844DE220011A2B8 /* XCRemoteSwiftPackageReference "facebook-ios-sdk" */ = {
			isa = XCRemoteSwiftPackageReference;
			repositoryURL = "https://github.com/facebook/facebook-ios-sdk";
			requirement = {
				kind = upToNextMajorVersion;
				minimumVersion = 13.0.0;
			};
		};
		D9FFF3F12842226F00EF7272 /* XCRemoteSwiftPackageReference "Kingfisher" */ = {
			isa = XCRemoteSwiftPackageReference;
			repositoryURL = "https://github.com/onevcat/Kingfisher";
			requirement = {
				kind = upToNextMajorVersion;
				minimumVersion = 7.0.0;
			};
		};
/* End XCRemoteSwiftPackageReference section */

/* Begin XCSwiftPackageProductDependency section */
		D94F0838282B727B00ADB782 /* FirebaseAuth */ = {
			isa = XCSwiftPackageProductDependency;
			package = D94F0837282B727B00ADB782 /* XCRemoteSwiftPackageReference "firebase-ios-sdk" */;
			productName = FirebaseAuth;
		};
		D94F083A282B727B00ADB782 /* FirebaseFirestoreSwift */ = {
			isa = XCSwiftPackageProductDependency;
			package = D94F0837282B727B00ADB782 /* XCRemoteSwiftPackageReference "firebase-ios-sdk" */;
			productName = FirebaseFirestoreSwift;
		};
		D94F083C282B727B00ADB782 /* FirebaseStorage */ = {
			isa = XCSwiftPackageProductDependency;
			package = D94F0837282B727B00ADB782 /* XCRemoteSwiftPackageReference "firebase-ios-sdk" */;
			productName = FirebaseStorage;
		};
		D97ED0932843DE630011A2B8 /* GoogleSignIn */ = {
			isa = XCSwiftPackageProductDependency;
			package = D97ED0922843DE620011A2B8 /* XCRemoteSwiftPackageReference "GoogleSignIn-iOS" */;
			productName = GoogleSignIn;
		};
		D97ED0982844DE220011A2B8 /* FacebookLogin */ = {
			isa = XCSwiftPackageProductDependency;
			package = D97ED0972844DE220011A2B8 /* XCRemoteSwiftPackageReference "facebook-ios-sdk" */;
			productName = FacebookLogin;
		};
		D97ED09B2844DF4E0011A2B8 /* FacebookCore */ = {
			isa = XCSwiftPackageProductDependency;
			package = D97ED0972844DE220011A2B8 /* XCRemoteSwiftPackageReference "facebook-ios-sdk" */;
			productName = FacebookCore;
		};
		D9FFF3F22842226F00EF7272 /* Kingfisher */ = {
			isa = XCSwiftPackageProductDependency;
			package = D9FFF3F12842226F00EF7272 /* XCRemoteSwiftPackageReference "Kingfisher" */;
			productName = Kingfisher;
		};
/* End XCSwiftPackageProductDependency section */
	};
	rootObject = D94F081E282B5D6400ADB782 /* Project object */;
}
